
Microsoft Visual Studio Solution File, Format Version 12.00
# Visual Studio Version 16
VisualStudioVersion = 16.0.29806.167
MinimumVisualStudioVersion = 10.0.40219.1
Project("{FAE04EC0-301F-11D3-BF4B-00C04F79EFBC}") = "NGPidgin.Mobile.Android", "NGPidgin.Mobile.Android\NGPidgin.Mobile.Android.csproj", "{079105CB-8EDE-4281-B2F6-5E2F20893AE0}"
EndProject
Project("{FAE04EC0-301F-11D3-BF4B-00C04F79EFBC}") = "NGPidgin.Mobile.iOS", "NGPidgin.Mobile.iOS\NGPidgin.Mobile.iOS.csproj", "{4A0FD622-DAFB-4881-B315-3B88731EF870}"
EndProject
Project("{FAE04EC0-301F-11D3-BF4B-00C04F79EFBC}") = "NGPidgin.Mobile", "NGPidgin.Mobile\NGPidgin.Mobile.csproj", "{B2C3BEB5-25A7-4F2B-A056-551CD7E8881E}"
EndProject
Global
	GlobalSection(SolutionConfigurationPlatforms) = preSolution
		Debug|Any CPU = Debug|Any CPU
		Debug|iPhone = Debug|iPhone
		Debug|iPhoneSimulator = Debug|iPhoneSimulator
		Release|Any CPU = Release|Any CPU
		Release|iPhone = Release|iPhone
		Release|iPhoneSimulator = Release|iPhoneSimulator
	EndGlobalSection
	GlobalSection(ProjectConfigurationPlatforms) = postSolution
		{079105CB-8EDE-4281-B2F6-5E2F20893AE0}.Debug|Any CPU.ActiveCfg = Debug|Any CPU
		{079105CB-8EDE-4281-B2F6-5E2F20893AE0}.Debug|Any CPU.Build.0 = Debug|Any CPU
		{079105CB-8EDE-4281-B2F6-5E2F20893AE0}.Debug|Any CPU.Deploy.0 = Debug|Any CPU
		{079105CB-8EDE-4281-B2F6-5E2F20893AE0}.Debug|iPhone.ActiveCfg = Debug|Any CPU
		{079105CB-8EDE-4281-B2F6-5E2F20893AE0}.Debug|iPhone.Build.0 = Debug|Any CPU
		{079105CB-8EDE-4281-B2F6-5E2F20893AE0}.Debug|iPhone.Deploy.0 = Debug|Any CPU
		{079105CB-8EDE-4281-B2F6-5E2F20893AE0}.Debug|iPhoneSimulator.ActiveCfg = Debug|Any CPU
		{079105CB-8EDE-4281-B2F6-5E2F20893AE0}.Debug|iPhoneSimulator.Build.0 = Debug|Any CPU
		{079105CB-8EDE-4281-B2F6-5E2F20893AE0}.Debug|iPhoneSimulator.Deploy.0 = Debug|Any CPU
		{079105CB-8EDE-4281-B2F6-5E2F20893AE0}.Release|Any CPU.ActiveCfg = Release|Any CPU
		{079105CB-8EDE-4281-B2F6-5E2F20893AE0}.Release|Any CPU.Build.0 = Release|Any CPU
		{079105CB-8EDE-4281-B2F6-5E2F20893AE0}.Release|Any CPU.Deploy.0 = Release|Any CPU
		{079105CB-8EDE-4281-B2F6-5E2F20893AE0}.Release|iPhone.ActiveCfg = Release|Any CPU
		{079105CB-8EDE-4281-B2F6-5E2F20893AE0}.Release|iPhone.Build.0 = Release|Any CPU
		{079105CB-8EDE-4281-B2F6-5E2F20893AE0}.Release|iPhone.Deploy.0 = Release|Any CPU
		{079105CB-8EDE-4281-B2F6-5E2F20893AE0}.Release|iPhoneSimulator.ActiveCfg = Release|Any CPU
		{079105CB-8EDE-4281-B2F6-5E2F20893AE0}.Release|iPhoneSimulator.Build.0 = Release|Any CPU
		{079105CB-8EDE-4281-B2F6-5E2F20893AE0}.Release|iPhoneSimulator.Deploy.0 = Release|Any CPU
		{4A0FD622-DAFB-4881-B315-3B88731EF870}.Debug|Any CPU.ActiveCfg = Debug|iPhoneSimulator
		{4A0FD622-DAFB-4881-B315-3B88731EF870}.Debug|Any CPU.Build.0 = Debug|iPhoneSimulator
		{4A0FD622-DAFB-4881-B315-3B88731EF870}.Debug|Any CPU.Deploy.0 = Debug|iPhoneSimulator
		{4A0FD622-DAFB-4881-B315-3B88731EF870}.Debug|iPhone.ActiveCfg = Debug|iPhone
		{4A0FD622-DAFB-4881-B315-3B88731EF870}.Debug|iPhone.Build.0 = Debug|iPhone
		{4A0FD622-DAFB-4881-B315-3B88731EF870}.Debug|iPhone.Deploy.0 = Debug|iPhone
		{4A0FD622-DAFB-4881-B315-3B88731EF870}.Debug|iPhoneSimulator.ActiveCfg = Debug|iPhoneSimulator
		{4A0FD622-DAFB-4881-B315-3B88731EF870}.Debug|iPhoneSimulator.Build.0 = Debug|iPhoneSimulator
		{4A0FD622-DAFB-4881-B315-3B88731EF870}.Debug|iPhoneSimulator.Deploy.0 = Debug|iPhoneSimulator
		{4A0FD622-DAFB-4881-B315-3B88731EF870}.Release|Any CPU.ActiveCfg = Release|iPhone
		{4A0FD622-DAFB-4881-B315-3B88731EF870}.Release|Any CPU.Build.0 = Release|iPhone
		{4A0FD622-DAFB-4881-B315-3B88731EF870}.Release|Any CPU.Deploy.0 = Release|iPhone
		{4A0FD622-DAFB-4881-B315-3B88731EF870}.Release|iPhone.ActiveCfg = Release|iPhone
		{4A0FD622-DAFB-4881-B315-3B88731EF870}.Release|iPhone.Build.0 = Release|iPhone
		{4A0FD622-DAFB-4881-B315-3B88731EF870}.Release|iPhone.Deploy.0 = Release|iPhone
		{4A0FD622-DAFB-4881-B315-3B88731EF870}.Release|iPhoneSimulator.ActiveCfg = Release|iPhoneSimulator
		{4A0FD622-DAFB-4881-B315-3B88731EF870}.Release|iPhoneSimulator.Build.0 = Release|iPhoneSimulator
		{4A0FD622-DAFB-4881-B315-3B88731EF870}.Release|iPhoneSimulator.Deploy.0 = Release|iPhoneSimulator
		{B2C3BEB5-25A7-4F2B-A056-551CD7E8881E}.Debug|Any CPU.ActiveCfg = Debug|Any CPU
		{B2C3BEB5-25A7-4F2B-A056-551CD7E8881E}.Debug|Any CPU.Build.0 = Debug|Any CPU
		{B2C3BEB5-25A7-4F2B-A056-551CD7E8881E}.Debug|Any CPU.Deploy.0 = Debug|Any CPU
		{B2C3BEB5-25A7-4F2B-A056-551CD7E8881E}.Debug|iPhone.ActiveCfg = Debug|Any CPU
		{B2C3BEB5-25A7-4F2B-A056-551CD7E8881E}.Debug|iPhone.Build.0 = Debug|Any CPU
		{B2C3BEB5-25A7-4F2B-A056-551CD7E8881E}.Debug|iPhone.Deploy.0 = Debug|Any CPU
		{B2C3BEB5-25A7-4F2B-A056-551CD7E8881E}.Debug|iPhoneSimulator.ActiveCfg = Debug|Any CPU
		{B2C3BEB5-25A7-4F2B-A056-551CD7E8881E}.Debug|iPhoneSimulator.Build.0 = Debug|Any CPU
		{B2C3BEB5-25A7-4F2B-A056-551CD7E8881E}.Debug|iPhoneSimulator.Deploy.0 = Debug|Any CPU
		{B2C3BEB5-25A7-4F2B-A056-551CD7E8881E}.Release|Any CPU.ActiveCfg = Release|Any CPU
		{B2C3BEB5-25A7-4F2B-A056-551CD7E8881E}.Release|Any CPU.Build.0 = Release|Any CPU
		{B2C3BEB5-25A7-4F2B-A056-551CD7E8881E}.Release|Any CPU.Deploy.0 = Release|Any CPU
		{B2C3BEB5-25A7-4F2B-A056-551CD7E8881E}.Release|iPhone.ActiveCfg = Release|Any CPU
		{B2C3BEB5-25A7-4F2B-A056-551CD7E8881E}.Release|iPhone.Build.0 = Release|Any CPU
		{B2C3BEB5-25A7-4F2B-A056-551CD7E8881E}.Release|iPhone.Deploy.0 = Release|Any CPU
		{B2C3BEB5-25A7-4F2B-A056-551CD7E8881E}.Release|iPhoneSimulator.ActiveCfg = Release|Any CPU
		{B2C3BEB5-25A7-4F2B-A056-551CD7E8881E}.Release|iPhoneSimulator.Build.0 = Release|Any CPU
		{B2C3BEB5-25A7-4F2B-A056-551CD7E8881E}.Release|iPhoneSimulator.Deploy.0 = Release|Any CPU
	EndGlobalSection
	GlobalSection(SolutionProperties) = preSolution
		HideSolutionNode = FALSE
	EndGlobalSection
	GlobalSection(ExtensibilityGlobals) = postSolution
		SolutionGuid = {C0E24641-CA99-40A6-9EB8-780FDAC7E5D3}
	EndGlobalSection
EndGlobal
